<?xml version="1.0" encoding="utf-8"?>
<Project ToolsVersion="4.0" xmlns="http://schemas.microsoft.com/developer/msbuild/2003">
  <ItemGroup>
    <Filter Include="win32">
      <UniqueIdentifier>{84a8ebd7-7cf0-47f6-b75e-d441df67da40}</UniqueIdentifier>
    </Filter>
    <Filter Include="Classes">
      <UniqueIdentifier>{bb6c862e-70e9-49d9-81b7-3829a6f50471}</UniqueIdentifier>
    </Filter>
    <Filter Include="resource">
      <UniqueIdentifier>{715254bc-d70b-4ec5-bf29-467dd3ace079}</UniqueIdentifier>
    </Filter>
    <Filter Include="Scripts">
      <UniqueIdentifier>{14a01344-74cc-4362-8432-ae3170faff22}</UniqueIdentifier>
    </Filter>
    <Filter Include="fonts">
      <UniqueIdentifier>{8ea713ad-9c42-4ef7-be26-21f7a6279cea}</UniqueIdentifier>
    </Filter>
    <Filter Include="Content">
      <UniqueIdentifier>{3e7a35cb-b781-470b-bed3-174a66daee64}</UniqueIdentifier>
    </Filter>
    <Filter Include="Classes\Planaria">
      <UniqueIdentifier>{1ec4193a-6b98-4de7-8b0c-3836492301ea}</UniqueIdentifier>
    </Filter>
    <Filter Include="Classes\Scenes">
      <UniqueIdentifier>{f8bf598e-c1b6-4dfc-8879-8a678ee8ebc9}</UniqueIdentifier>
    </Filter>
    <Filter Include="Classes\CustomPlanariaVector">
      <UniqueIdentifier>{5e2c5a54-3ada-47a2-8e9f-9555b45e92f7}</UniqueIdentifier>
    </Filter>
  </ItemGroup>
  <ItemGroup>
    <ClCompile Include="main.cpp">
      <Filter>win32</Filter>
    </ClCompile>
    <ClCompile Include="..\Classes\AppDelegate.cpp">
      <Filter>Classes</Filter>
    </ClCompile>
    <ClCompile Include="..\Classes\Planaria.cpp">
      <Filter>Classes\Planaria</Filter>
    </ClCompile>
    <ClCompile Include="..\Classes\PlanariaUnits.cpp">
      <Filter>Classes\Planaria</Filter>
    </ClCompile>
    <ClCompile Include="CustomVector.cpp">
      <Filter>Classes\CustomPlanariaVector</Filter>
    </ClCompile>
    <ClCompile Include="..\Classes\HelloWorldScene.cpp">
      <Filter>Classes\Scenes</Filter>
    </ClCompile>
    <ClCompile Include="..\Classes\SkillUpgradeScene.cpp">
      <Filter>Classes\Scenes</Filter>
    </ClCompile>
    <ClCompile Include="..\Classes\UnitBase.cpp">
      <Filter>Classes</Filter>
    </ClCompile>
    <ClCompile Include="..\Classes\Mouse.cpp">
      <Filter>Classes</Filter>
    </ClCompile>
    <ClCompile Include="..\Classes\PlayerSkill.cpp">
      <Filter>Classes</Filter>
    </ClCompile>
    <ClCompile Include="..\Classes\UI.cpp">
      <Filter>Classes</Filter>
    </ClCompile>
  </ItemGroup>
  <ItemGroup>
    <ClInclude Include="main.h">
      <Filter>win32</Filter>
    </ClInclude>
    <ClInclude Include="..\Classes\AppDelegate.h">
      <Filter>Classes</Filter>
    </ClInclude>
    <ClInclude Include="..\Classes\Planaria.h">
      <Filter>Classes\Planaria</Filter>
    </ClInclude>
    <ClInclude Include="..\Classes\PlanariaUnits.h">
      <Filter>Classes\Planaria</Filter>
    </ClInclude>
    <ClInclude Include="CustomVector.h">
      <Filter>Classes\CustomPlanariaVector</Filter>
    </ClInclude>
    <ClInclude Include="..\Classes\HelloWorldScene.h">
      <Filter>Classes\Scenes</Filter>
    </ClInclude>
    <ClInclude Include="..\Classes\SkillUpgradeScene.h">
      <Filter>Classes\Scenes</Filter>
    </ClInclude>
    <ClInclude Include="..\Classes\UnitBase.h">
      <Filter>Classes</Filter>
    </ClInclude>
    <ClInclude Include="..\Classes\Mouse.h">
      <Filter>Classes</Filter>
    </ClInclude>
    <ClInclude Include="..\Classes\PlayerSkill.h">
      <Filter>Classes</Filter>
    </ClInclude>
    <ClInclude Include="..\Classes\UI.h">
      <Filter>Classes</Filter>
    </ClInclude>
  </ItemGroup>
  <ItemGroup>
    <ResourceCompile Include="game.rc">
      <Filter>resource</Filter>
    </ResourceCompile>
  </ItemGroup>
  <ItemGroup>
    <None Include="Scripts\jquery-1.9.0.min.map">
      <Filter>Scripts</Filter>
    </None>
    <None Include="Scripts\jquery-1.9.0.min.js">
      <Filter>Scripts</Filter>
    </None>
    <None Include="Scripts\jquery-1.9.0.js">
      <Filter>Scripts</Filter>
    </None>
    <None Include="packages.config" />
    <None Include="packages\jQuery.1.9.0\Tools\jquery-1.9.0.intellisense.js">
      <Filter>Scripts</Filter>
    </None>
    <None Include="Scripts\bootstrap.min.js">
      <Filter>Scripts</Filter>
    </None>
    <None Include="Scripts\bootstrap.js">
      <Filter>Scripts</Filter>
    </None>
    <None Include="fonts\glyphicons-halflings-regular.woff">
      <Filter>fonts</Filter>
    </None>
    <None Include="fonts\glyphicons-halflings-regular.svg">
      <Filter>fonts</Filter>
    </None>
    <None Include="fonts\glyphicons-halflings-regular.eot">
      <Filter>fonts</Filter>
    </None>
    <None Include="Content\bootstrap-theme.min.css">
      <Filter>Content</Filter>
    </None>
    <None Include="Content\bootstrap-theme.css.map">
      <Filter>Content</Filter>
    </None>
    <None Include="Content\bootstrap-theme.css">
      <Filter>Content</Filter>
    </None>
    <None Include="Content\bootstrap.min.css">
      <Filter>Content</Filter>
    </None>
    <None Include="Content\bootstrap.css.map">
      <Filter>Content</Filter>
    </None>
    <None Include="Content\bootstrap.css">
      <Filter>Content</Filter>
    </None>
  </ItemGroup>
  <ItemGroup>
    <Font Include="fonts\glyphicons-halflings-regular.ttf">
      <Filter>fonts</Filter>
    </Font>
  </ItemGroup>
</Project>